
Microsoft Visual Studio Solution File, Format Version 12.00
# Visual Studio Version 16
VisualStudioVersion = 16.0.30204.135
MinimumVisualStudioVersion = 10.0.40219.1
Project("{FAE04EC0-301F-11D3-BF4B-00C04F79EFBC}") = "Kruh", "Kruh\Kruh.csproj", "{76B6BE2B-96CF-4CA8-931A-5E06CC7A7B63}"
EndProject
Global
	GlobalSection(SolutionConfigurationPlatforms) = preSolution
		Debug|Any CPU = Debug|Any CPU
		Release|Any CPU = Release|Any CPU
	EndGlobalSection
	GlobalSection(ProjectConfigurationPlatforms) = postSolution
		{76B6BE2B-96CF-4CA8-931A-5E06CC7A7B63}.Debug|Any CPU.ActiveCfg = Debug|Any CPU
		{76B6BE2B-96CF-4CA8-931A-5E06CC7A7B63}.Debug|Any CPU.Build.0 = Debug|Any CPU
		{76B6BE2B-96CF-4CA8-931A-5E06CC7A7B63}.Release|Any CPU.ActiveCfg = Release|Any CPU
		{76B6BE2B-96CF-4CA8-931A-5E06CC7A7B63}.Release|Any CPU.Build.0 = Release|Any CPU
	EndGlobalSection
	GlobalSection(SolutionProperties) = preSolution
		HideSolutionNode = FALSE
	EndGlobalSection
	GlobalSection(ExtensibilityGlobals) = postSolution
		SolutionGuid = {AE5AF256-FF90-49FA-ABCA-5B4C64398C8A}
	EndGlobalSection
EndGlobal
